terraform apply --auto-approve
random_password.db_master_pwd: Refreshing state... [id=none]
aws_db_instance.main: Refreshing state... [id=terraform-20210811142915285200000001]

Note: Objects have changed outside of Terraform

Terraform detected the following changes made outside of Terraform since the last "terraform apply":

  # aws_db_instance.main has been changed
  ~ resource "aws_db_instance" "main" {
      + enabled_cloudwatch_logs_exports       = []
        id                                    = "terraform-20210811142915285200000001"
      ~ latest_restorable_time                = "0001-01-01T00:00:00Z" -> "2021-08-11T14:53:22Z"
        name                                  = "MAINDB"
      + security_group_names                  = []
      + tags                                  = {}
        # (52 unchanged attributes hidden)

        # (1 unchanged block hidden)
    }

Unless you have made equivalent changes to your configuration, or ignored the relevant attributes using
ignore_changes, the following plan may include actions to undo or respond to these changes.

─────────────────────────────────────────────────────────────────────────────────────────────────────────────────────

Terraform used the selected providers to generate the following execution plan. Resource actions are indicated with
the following symbols:
  + create

Terraform will perform the following actions:

  # aws_db_instance.read will be created
  + resource "aws_db_instance" "read" {
      + address                               = (known after apply)
      + allocated_storage                     = 50
      + apply_immediately                     = true
      + arn                                   = (known after apply)
      + auto_minor_version_upgrade            = true
      + availability_zone                     = (known after apply)
      + backup_retention_period               = (known after apply)
      + backup_window                         = (known after apply)
      + ca_cert_identifier                    = "rds-ca-2019"
      + character_set_name                    = (known after apply)
      + copy_tags_to_snapshot                 = false
      + db_subnet_group_name                  = (known after apply)
      + delete_automated_backups              = true
      + endpoint                              = (known after apply)
      + engine                                = "oracle-ee"
      + engine_version                        = "12.1.0.2.v10"
      + hosted_zone_id                        = (known after apply)
      + id                                    = (known after apply)
      + identifier                            = "test-rds-read-0"
      + identifier_prefix                     = (known after apply)
      + instance_class                        = "db.m4.large"
      + kms_key_id                            = (known after apply)
      + latest_restorable_time                = (known after apply)
      + license_model                         = (known after apply)
      + maintenance_window                    = (known after apply)
      + monitoring_interval                   = 0
      + monitoring_role_arn                   = (known after apply)
      + multi_az                              = (known after apply)
      + name                                  = "read"
      + nchar_character_set_name              = (known after apply)
      + option_group_name                     = (known after apply)
      + parameter_group_name                  = (known after apply)
      + performance_insights_enabled          = false
      + performance_insights_kms_key_id       = (known after apply)
      + performance_insights_retention_period = (known after apply)
      + port                                  = (known after apply)
      + publicly_accessible                   = false
      + replicas                              = (known after apply)
      + replicate_source_db                   = "terraform-20210811142915285200000001"
      + resource_id                           = (known after apply)
      + skip_final_snapshot                   = true
      + snapshot_identifier                   = (known after apply)
      + status                                = (known after apply)
      + storage_type                          = (known after apply)
      + tags_all                              = (known after apply)
      + timezone                              = (known after apply)
      + username                              = "oadmin"
      + vpc_security_group_ids                = (known after apply)

      + timeouts {
          + update = "120m"
        }
    }

Plan: 1 to add, 0 to change, 0 to destroy.
aws_db_instance.read: Creating...
aws_db_instance.read: Still creating... [10s elapsed]
aws_db_instance.read: Still creating... [20s elapsed]
aws_db_instance.read: Still creating... [30s elapsed]
aws_db_instance.read: Still creating... [40s elapsed]
aws_db_instance.read: Still creating... [50s elapsed]
aws_db_instance.read: Still creating... [1m0s elapsed]
aws_db_instance.read: Still creating... [1m10s elapsed]
aws_db_instance.read: Still creating... [1m20s elapsed]
aws_db_instance.read: Still creating... [1m30s elapsed]
aws_db_instance.read: Still creating... [1m40s elapsed]
aws_db_instance.read: Still creating... [1m50s elapsed]
aws_db_instance.read: Still creating... [2m0s elapsed]
aws_db_instance.read: Still creating... [2m10s elapsed]
aws_db_instance.read: Still creating... [2m20s elapsed]
aws_db_instance.read: Still creating... [2m30s elapsed]
aws_db_instance.read: Still creating... [2m40s elapsed]
aws_db_instance.read: Still creating... [2m50s elapsed]
aws_db_instance.read: Still creating... [3m0s elapsed]
aws_db_instance.read: Still creating... [3m10s elapsed]
aws_db_instance.read: Still creating... [3m20s elapsed]
aws_db_instance.read: Still creating... [3m30s elapsed]
aws_db_instance.read: Still creating... [3m40s elapsed]
aws_db_instance.read: Still creating... [3m50s elapsed]
aws_db_instance.read: Still creating... [4m0s elapsed]
aws_db_instance.read: Still creating... [4m10s elapsed]
aws_db_instance.read: Still creating... [4m20s elapsed]
aws_db_instance.read: Still creating... [4m30s elapsed]
aws_db_instance.read: Still creating... [4m40s elapsed]
aws_db_instance.read: Still creating... [4m50s elapsed]
aws_db_instance.read: Still creating... [5m0s elapsed]
aws_db_instance.read: Still creating... [5m10s elapsed]
aws_db_instance.read: Still creating... [5m20s elapsed]
aws_db_instance.read: Still creating... [5m30s elapsed]
aws_db_instance.read: Still creating... [5m40s elapsed]
aws_db_instance.read: Still creating... [5m50s elapsed]
aws_db_instance.read: Still creating... [6m0s elapsed]
aws_db_instance.read: Still creating... [6m10s elapsed]
aws_db_instance.read: Still creating... [6m20s elapsed]
aws_db_instance.read: Still creating... [6m30s elapsed]
aws_db_instance.read: Still creating... [6m40s elapsed]
aws_db_instance.read: Still creating... [6m50s elapsed]
aws_db_instance.read: Still creating... [7m0s elapsed]
aws_db_instance.read: Still creating... [7m10s elapsed]
aws_db_instance.read: Still creating... [7m20s elapsed]
aws_db_instance.read: Still creating... [7m30s elapsed]
aws_db_instance.read: Still creating... [7m40s elapsed]
aws_db_instance.read: Still creating... [7m50s elapsed]
aws_db_instance.read: Still creating... [8m0s elapsed]
aws_db_instance.read: Still creating... [8m10s elapsed]
aws_db_instance.read: Still creating... [8m20s elapsed]
aws_db_instance.read: Still creating... [8m30s elapsed]
aws_db_instance.read: Still creating... [8m40s elapsed]
aws_db_instance.read: Still creating... [8m50s elapsed]
aws_db_instance.read: Still creating... [9m0s elapsed]
aws_db_instance.read: Still creating... [9m10s elapsed]
aws_db_instance.read: Still creating... [9m20s elapsed]
aws_db_instance.read: Still creating... [9m30s elapsed]
aws_db_instance.read: Still creating... [9m40s elapsed]
aws_db_instance.read: Still creating... [9m50s elapsed]
aws_db_instance.read: Still creating... [10m0s elapsed]
aws_db_instance.read: Still creating... [10m10s elapsed]
aws_db_instance.read: Still creating... [10m20s elapsed]
aws_db_instance.read: Still creating... [10m30s elapsed]
aws_db_instance.read: Still creating... [10m40s elapsed]
aws_db_instance.read: Still creating... [10m50s elapsed]
aws_db_instance.read: Still creating... [11m0s elapsed]
aws_db_instance.read: Still creating... [11m10s elapsed]
aws_db_instance.read: Still creating... [11m20s elapsed]
aws_db_instance.read: Still creating... [11m30s elapsed]
aws_db_instance.read: Still creating... [11m40s elapsed]
aws_db_instance.read: Still creating... [11m50s elapsed]
aws_db_instance.read: Still creating... [12m0s elapsed]
aws_db_instance.read: Still creating... [12m10s elapsed]
aws_db_instance.read: Still creating... [12m20s elapsed]
aws_db_instance.read: Still creating... [12m30s elapsed]
aws_db_instance.read: Still creating... [12m40s elapsed]
aws_db_instance.read: Still creating... [12m50s elapsed]
aws_db_instance.read: Still creating... [13m0s elapsed]
aws_db_instance.read: Still creating... [13m10s elapsed]
aws_db_instance.read: Still creating... [13m20s elapsed]
aws_db_instance.read: Still creating... [13m30s elapsed]
aws_db_instance.read: Still creating... [13m40s elapsed]
aws_db_instance.read: Still creating... [13m50s elapsed]
aws_db_instance.read: Still creating... [14m0s elapsed]
aws_db_instance.read: Still creating... [14m10s elapsed]
aws_db_instance.read: Still creating... [14m20s elapsed]
aws_db_instance.read: Still creating... [14m30s elapsed]
aws_db_instance.read: Still creating... [14m40s elapsed]
aws_db_instance.read: Still creating... [14m50s elapsed]
aws_db_instance.read: Still creating... [15m0s elapsed]
aws_db_instance.read: Still creating... [15m10s elapsed]
aws_db_instance.read: Still creating... [15m20s elapsed]
aws_db_instance.read: Still creating... [15m30s elapsed]
aws_db_instance.read: Still creating... [15m40s elapsed]
aws_db_instance.read: Still creating... [15m50s elapsed]
aws_db_instance.read: Still creating... [16m0s elapsed]
aws_db_instance.read: Still creating... [16m10s elapsed]
aws_db_instance.read: Still creating... [16m20s elapsed]
aws_db_instance.read: Still creating... [16m30s elapsed]
aws_db_instance.read: Still creating... [16m40s elapsed]
aws_db_instance.read: Still creating... [16m50s elapsed]
aws_db_instance.read: Still creating... [17m0s elapsed]
aws_db_instance.read: Still creating... [17m10s elapsed]
aws_db_instance.read: Still creating... [17m20s elapsed]
aws_db_instance.read: Creation complete after 17m29s [id=test-rds-read-0]

Apply complete! Resources: 1 added, 0 changed, 0 destroyed.
